
Microsoft Visual Studio Solution File, Format Version 12.00
# Visual Studio 15
VisualStudioVersion = 15.0.26430.15
MinimumVisualStudioVersion = 10.0.40219.1
Project("{FAE04EC0-301F-11D3-BF4B-00C04F79EFBC}") = "ThreadPool", "ThreadPool\ThreadPool.csproj", "{8B076E74-7F71-4CFF-ADE7-0F0C26EC60A7}"
EndProject
Project("{FAE04EC0-301F-11D3-BF4B-00C04F79EFBC}") = "RocketRace", "RocketRace\RocketRace.csproj", "{48302A6F-3361-4790-A120-49D29BD7B23C}"
EndProject
Global
	GlobalSection(SolutionConfigurationPlatforms) = preSolution
		Debug|Any CPU = Debug|Any CPU
		Release|Any CPU = Release|Any CPU
	EndGlobalSection
	GlobalSection(ProjectConfigurationPlatforms) = postSolution
		{8B076E74-7F71-4CFF-ADE7-0F0C26EC60A7}.Debug|Any CPU.ActiveCfg = Debug|Any CPU
		{8B076E74-7F71-4CFF-ADE7-0F0C26EC60A7}.Debug|Any CPU.Build.0 = Debug|Any CPU
		{8B076E74-7F71-4CFF-ADE7-0F0C26EC60A7}.Release|Any CPU.ActiveCfg = Release|Any CPU
		{8B076E74-7F71-4CFF-ADE7-0F0C26EC60A7}.Release|Any CPU.Build.0 = Release|Any CPU
		{48302A6F-3361-4790-A120-49D29BD7B23C}.Debug|Any CPU.ActiveCfg = Debug|Any CPU
		{48302A6F-3361-4790-A120-49D29BD7B23C}.Debug|Any CPU.Build.0 = Debug|Any CPU
		{48302A6F-3361-4790-A120-49D29BD7B23C}.Release|Any CPU.ActiveCfg = Release|Any CPU
		{48302A6F-3361-4790-A120-49D29BD7B23C}.Release|Any CPU.Build.0 = Release|Any CPU
	EndGlobalSection
	GlobalSection(SolutionProperties) = preSolution
		HideSolutionNode = FALSE
	EndGlobalSection
EndGlobal
